
Microsoft Visual Studio Solution File, Format Version 12.00
# Visual Studio Version 17
VisualStudioVersion = 17.3.32929.385
MinimumVisualStudioVersion = 10.0.40219.1
Project("{9A19103F-16F7-4668-BE54-9A1E7A4F7556}") = "01_IntroToDotNet", "01_IntroToDotNet\01_IntroToDotNet.csproj", "{A69D4A8A-047C-46A9-8B3D-4E8BD124A3C8}"
EndProject
Project("{9A19103F-16F7-4668-BE54-9A1E7A4F7556}") = "02_Array", "02_Array\02_Array.csproj", "{AA614190-216E-4F3C-A745-7C9024D798FB}"
EndProject
Project("{9A19103F-16F7-4668-BE54-9A1E7A4F7556}") = "03_String", "03_String\03_String.csproj", "{FAFAF66E-66C3-46A4-BC3D-80F55A5834E3}"
EndProject
Project("{9A19103F-16F7-4668-BE54-9A1E7A4F7556}") = "04_StringBuilder", "04_StringBuilder\04_StringBuilder.csproj", "{7667291F-42B4-4959-9CBF-2A56D8CBA090}"
EndProject
Project("{9A19103F-16F7-4668-BE54-9A1E7A4F7556}") = "05_IntroToOOP", "05_IntroToOOP\05_IntroToOOP.csproj", "{DD7549FA-E47F-4595-ADE9-C0DA192D0BCA}"
EndProject
Project("{9A19103F-16F7-4668-BE54-9A1E7A4F7556}") = "06_ParamsRefOut", "06_ParamsRefOut\06_ParamsRefOut.csproj", "{FE8D7C0F-93C7-4E8D-BD49-C1803719DFDD}"
EndProject
Project("{9A19103F-16F7-4668-BE54-9A1E7A4F7556}") = "07_OverloadOperators", "07_OverloadOperators\07_OverloadOperators.csproj", "{466C5A4B-2F02-485F-85CB-CB2485B4F549}"
EndProject
Project("{9A19103F-16F7-4668-BE54-9A1E7A4F7556}") = "08_Indexers", "08_Indexers\08_Indexers.csproj", "{C594FFA2-15A4-48AB-9E4A-61F314660970}"
EndProject
Project("{9A19103F-16F7-4668-BE54-9A1E7A4F7556}") = "09_Inheritance", "09_Inheritance\09_Inheritance.csproj", "{27EDA79A-636B-466B-B43B-E48A7812445D}"
EndProject
Project("{FAE04EC0-301F-11D3-BF4B-00C04F79EFBC}") = "10_Interface", "10_Interface\10_Interface.csproj", "{188B13BC-506C-4A56-84B3-CE468CE6F15D}"
EndProject
Project("{FAE04EC0-301F-11D3-BF4B-00C04F79EFBC}") = "11_StandartInterface", "11_StndartInterface\11_StandartInterface.csproj", "{7B165498-170F-49FA-9F11-6DBF718C4431}"
EndProject
Global
	GlobalSection(SolutionConfigurationPlatforms) = preSolution
		Debug|Any CPU = Debug|Any CPU
		Release|Any CPU = Release|Any CPU
	EndGlobalSection
	GlobalSection(ProjectConfigurationPlatforms) = postSolution
		{A69D4A8A-047C-46A9-8B3D-4E8BD124A3C8}.Debug|Any CPU.ActiveCfg = Debug|Any CPU
		{A69D4A8A-047C-46A9-8B3D-4E8BD124A3C8}.Debug|Any CPU.Build.0 = Debug|Any CPU
		{A69D4A8A-047C-46A9-8B3D-4E8BD124A3C8}.Release|Any CPU.ActiveCfg = Release|Any CPU
		{A69D4A8A-047C-46A9-8B3D-4E8BD124A3C8}.Release|Any CPU.Build.0 = Release|Any CPU
		{AA614190-216E-4F3C-A745-7C9024D798FB}.Debug|Any CPU.ActiveCfg = Debug|Any CPU
		{AA614190-216E-4F3C-A745-7C9024D798FB}.Debug|Any CPU.Build.0 = Debug|Any CPU
		{AA614190-216E-4F3C-A745-7C9024D798FB}.Release|Any CPU.ActiveCfg = Release|Any CPU
		{AA614190-216E-4F3C-A745-7C9024D798FB}.Release|Any CPU.Build.0 = Release|Any CPU
		{FAFAF66E-66C3-46A4-BC3D-80F55A5834E3}.Debug|Any CPU.ActiveCfg = Debug|Any CPU
		{FAFAF66E-66C3-46A4-BC3D-80F55A5834E3}.Debug|Any CPU.Build.0 = Debug|Any CPU
		{FAFAF66E-66C3-46A4-BC3D-80F55A5834E3}.Release|Any CPU.ActiveCfg = Release|Any CPU
		{FAFAF66E-66C3-46A4-BC3D-80F55A5834E3}.Release|Any CPU.Build.0 = Release|Any CPU
		{7667291F-42B4-4959-9CBF-2A56D8CBA090}.Debug|Any CPU.ActiveCfg = Debug|Any CPU
		{7667291F-42B4-4959-9CBF-2A56D8CBA090}.Debug|Any CPU.Build.0 = Debug|Any CPU
		{7667291F-42B4-4959-9CBF-2A56D8CBA090}.Release|Any CPU.ActiveCfg = Release|Any CPU
		{7667291F-42B4-4959-9CBF-2A56D8CBA090}.Release|Any CPU.Build.0 = Release|Any CPU
		{DD7549FA-E47F-4595-ADE9-C0DA192D0BCA}.Debug|Any CPU.ActiveCfg = Debug|Any CPU
		{DD7549FA-E47F-4595-ADE9-C0DA192D0BCA}.Debug|Any CPU.Build.0 = Debug|Any CPU
		{DD7549FA-E47F-4595-ADE9-C0DA192D0BCA}.Release|Any CPU.ActiveCfg = Release|Any CPU
		{DD7549FA-E47F-4595-ADE9-C0DA192D0BCA}.Release|Any CPU.Build.0 = Release|Any CPU
		{FE8D7C0F-93C7-4E8D-BD49-C1803719DFDD}.Debug|Any CPU.ActiveCfg = Debug|Any CPU
		{FE8D7C0F-93C7-4E8D-BD49-C1803719DFDD}.Debug|Any CPU.Build.0 = Debug|Any CPU
		{FE8D7C0F-93C7-4E8D-BD49-C1803719DFDD}.Release|Any CPU.ActiveCfg = Release|Any CPU
		{FE8D7C0F-93C7-4E8D-BD49-C1803719DFDD}.Release|Any CPU.Build.0 = Release|Any CPU
		{466C5A4B-2F02-485F-85CB-CB2485B4F549}.Debug|Any CPU.ActiveCfg = Debug|Any CPU
		{466C5A4B-2F02-485F-85CB-CB2485B4F549}.Debug|Any CPU.Build.0 = Debug|Any CPU
		{466C5A4B-2F02-485F-85CB-CB2485B4F549}.Release|Any CPU.ActiveCfg = Release|Any CPU
		{466C5A4B-2F02-485F-85CB-CB2485B4F549}.Release|Any CPU.Build.0 = Release|Any CPU
		{C594FFA2-15A4-48AB-9E4A-61F314660970}.Debug|Any CPU.ActiveCfg = Debug|Any CPU
		{C594FFA2-15A4-48AB-9E4A-61F314660970}.Debug|Any CPU.Build.0 = Debug|Any CPU
		{C594FFA2-15A4-48AB-9E4A-61F314660970}.Release|Any CPU.ActiveCfg = Release|Any CPU
		{C594FFA2-15A4-48AB-9E4A-61F314660970}.Release|Any CPU.Build.0 = Release|Any CPU
		{27EDA79A-636B-466B-B43B-E48A7812445D}.Debug|Any CPU.ActiveCfg = Debug|Any CPU
		{27EDA79A-636B-466B-B43B-E48A7812445D}.Debug|Any CPU.Build.0 = Debug|Any CPU
		{27EDA79A-636B-466B-B43B-E48A7812445D}.Release|Any CPU.ActiveCfg = Release|Any CPU
		{27EDA79A-636B-466B-B43B-E48A7812445D}.Release|Any CPU.Build.0 = Release|Any CPU
		{188B13BC-506C-4A56-84B3-CE468CE6F15D}.Debug|Any CPU.ActiveCfg = Debug|Any CPU
		{188B13BC-506C-4A56-84B3-CE468CE6F15D}.Debug|Any CPU.Build.0 = Debug|Any CPU
		{188B13BC-506C-4A56-84B3-CE468CE6F15D}.Release|Any CPU.ActiveCfg = Release|Any CPU
		{188B13BC-506C-4A56-84B3-CE468CE6F15D}.Release|Any CPU.Build.0 = Release|Any CPU
		{7B165498-170F-49FA-9F11-6DBF718C4431}.Debug|Any CPU.ActiveCfg = Debug|Any CPU
		{7B165498-170F-49FA-9F11-6DBF718C4431}.Debug|Any CPU.Build.0 = Debug|Any CPU
		{7B165498-170F-49FA-9F11-6DBF718C4431}.Release|Any CPU.ActiveCfg = Release|Any CPU
		{7B165498-170F-49FA-9F11-6DBF718C4431}.Release|Any CPU.Build.0 = Release|Any CPU
	EndGlobalSection
	GlobalSection(SolutionProperties) = preSolution
		HideSolutionNode = FALSE
	EndGlobalSection
	GlobalSection(ExtensibilityGlobals) = postSolution
		SolutionGuid = {89BBDBA9-B0AC-4980-9EDF-339F32669686}
	EndGlobalSection
EndGlobal
